
Microsoft Visual Studio Solution File, Format Version 12.00
# Visual Studio 14
VisualStudioVersion = 14.0.25420.1
MinimumVisualStudioVersion = 10.0.40219.1
Project("{FAE04EC0-301F-11D3-BF4B-00C04F79EFBC}") = "InfiniteListView", "InfiniteListView\InfiniteListView\InfiniteListView.csproj", "{9F13C482-422B-49AB-AE97-3565E9BD5068}"
EndProject
Project("{FAE04EC0-301F-11D3-BF4B-00C04F79EFBC}") = "InfiniteListView.Droid", "InfiniteListView\InfiniteListView.Droid\InfiniteListView.Droid.csproj", "{33E165AB-40FD-4682-AFED-06AEEE82A767}"
EndProject
Project("{FAE04EC0-301F-11D3-BF4B-00C04F79EFBC}") = "InfiniteListView.iOS", "InfiniteListView\InfiniteListView.iOS\InfiniteListView.iOS.csproj", "{9E6AAADB-6B43-45B9-A26B-C34AA1EA1490}"
EndProject
Project("{FAE04EC0-301F-11D3-BF4B-00C04F79EFBC}") = "InfiniteListView.WinPhone", "InfiniteListView\InfiniteListView.WinPhone\InfiniteListView.WinPhone.csproj", "{278C8413-E093-4B57-B0E2-B1658E31E415}"
EndProject
Project("{FAE04EC0-301F-11D3-BF4B-00C04F79EFBC}") = "InfiniteListView.UWP", "InfiniteListView\InfiniteListView.UWP\InfiniteListView.UWP.csproj", "{205AAC7C-387A-473A-816D-BCE0211C6FCC}"
EndProject
Project("{FAE04EC0-301F-11D3-BF4B-00C04F79EFBC}") = "InfiniteListView.Windows", "InfiniteListView\InfiniteListView.Windows\InfiniteListView.Windows.csproj", "{A8507EDF-D5FD-4EFD-AD53-707F055A5A47}"
EndProject
Global
	GlobalSection(SolutionConfigurationPlatforms) = preSolution
		Ad-Hoc|Any CPU = Ad-Hoc|Any CPU
		Ad-Hoc|ARM = Ad-Hoc|ARM
		Ad-Hoc|iPhone = Ad-Hoc|iPhone
		Ad-Hoc|iPhoneSimulator = Ad-Hoc|iPhoneSimulator
		Ad-Hoc|x64 = Ad-Hoc|x64
		Ad-Hoc|x86 = Ad-Hoc|x86
		AppStore|Any CPU = AppStore|Any CPU
		AppStore|ARM = AppStore|ARM
		AppStore|iPhone = AppStore|iPhone
		AppStore|iPhoneSimulator = AppStore|iPhoneSimulator
		AppStore|x64 = AppStore|x64
		AppStore|x86 = AppStore|x86
		Debug|Any CPU = Debug|Any CPU
		Debug|ARM = Debug|ARM
		Debug|iPhone = Debug|iPhone
		Debug|iPhoneSimulator = Debug|iPhoneSimulator
		Debug|x64 = Debug|x64
		Debug|x86 = Debug|x86
		Release|Any CPU = Release|Any CPU
		Release|ARM = Release|ARM
		Release|iPhone = Release|iPhone
		Release|iPhoneSimulator = Release|iPhoneSimulator
		Release|x64 = Release|x64
		Release|x86 = Release|x86
	EndGlobalSection
	GlobalSection(ProjectConfigurationPlatforms) = postSolution
		{9F13C482-422B-49AB-AE97-3565E9BD5068}.Ad-Hoc|Any CPU.ActiveCfg = Release|Any CPU
		{9F13C482-422B-49AB-AE97-3565E9BD5068}.Ad-Hoc|Any CPU.Build.0 = Release|Any CPU
		{9F13C482-422B-49AB-AE97-3565E9BD5068}.Ad-Hoc|ARM.ActiveCfg = Release|Any CPU
		{9F13C482-422B-49AB-AE97-3565E9BD5068}.Ad-Hoc|ARM.Build.0 = Release|Any CPU
		{9F13C482-422B-49AB-AE97-3565E9BD5068}.Ad-Hoc|iPhone.ActiveCfg = Release|Any CPU
		{9F13C482-422B-49AB-AE97-3565E9BD5068}.Ad-Hoc|iPhone.Build.0 = Release|Any CPU
		{9F13C482-422B-49AB-AE97-3565E9BD5068}.Ad-Hoc|iPhoneSimulator.ActiveCfg = Release|Any CPU
		{9F13C482-422B-49AB-AE97-3565E9BD5068}.Ad-Hoc|iPhoneSimulator.Build.0 = Release|Any CPU
		{9F13C482-422B-49AB-AE97-3565E9BD5068}.Ad-Hoc|x64.ActiveCfg = Release|Any CPU
		{9F13C482-422B-49AB-AE97-3565E9BD5068}.Ad-Hoc|x64.Build.0 = Release|Any CPU
		{9F13C482-422B-49AB-AE97-3565E9BD5068}.Ad-Hoc|x86.ActiveCfg = Release|Any CPU
		{9F13C482-422B-49AB-AE97-3565E9BD5068}.Ad-Hoc|x86.Build.0 = Release|Any CPU
		{9F13C482-422B-49AB-AE97-3565E9BD5068}.AppStore|Any CPU.ActiveCfg = Release|Any CPU
		{9F13C482-422B-49AB-AE97-3565E9BD5068}.AppStore|Any CPU.Build.0 = Release|Any CPU
		{9F13C482-422B-49AB-AE97-3565E9BD5068}.AppStore|ARM.ActiveCfg = Release|Any CPU
		{9F13C482-422B-49AB-AE97-3565E9BD5068}.AppStore|ARM.Build.0 = Release|Any CPU
		{9F13C482-422B-49AB-AE97-3565E9BD5068}.AppStore|iPhone.ActiveCfg = Release|Any CPU
		{9F13C482-422B-49AB-AE97-3565E9BD5068}.AppStore|iPhone.Build.0 = Release|Any CPU
		{9F13C482-422B-49AB-AE97-3565E9BD5068}.AppStore|iPhoneSimulator.ActiveCfg = Release|Any CPU
		{9F13C482-422B-49AB-AE97-3565E9BD5068}.AppStore|iPhoneSimulator.Build.0 = Release|Any CPU
		{9F13C482-422B-49AB-AE97-3565E9BD5068}.AppStore|x64.ActiveCfg = Release|Any CPU
		{9F13C482-422B-49AB-AE97-3565E9BD5068}.AppStore|x64.Build.0 = Release|Any CPU
		{9F13C482-422B-49AB-AE97-3565E9BD5068}.AppStore|x86.ActiveCfg = Release|Any CPU
		{9F13C482-422B-49AB-AE97-3565E9BD5068}.AppStore|x86.Build.0 = Release|Any CPU
		{9F13C482-422B-49AB-AE97-3565E9BD5068}.Debug|Any CPU.ActiveCfg = Debug|Any CPU
		{9F13C482-422B-49AB-AE97-3565E9BD5068}.Debug|Any CPU.Build.0 = Debug|Any CPU
		{9F13C482-422B-49AB-AE97-3565E9BD5068}.Debug|ARM.ActiveCfg = Debug|Any CPU
		{9F13C482-422B-49AB-AE97-3565E9BD5068}.Debug|ARM.Build.0 = Debug|Any CPU
		{9F13C482-422B-49AB-AE97-3565E9BD5068}.Debug|iPhone.ActiveCfg = Debug|Any CPU
		{9F13C482-422B-49AB-AE97-3565E9BD5068}.Debug|iPhone.Build.0 = Debug|Any CPU
		{9F13C482-422B-49AB-AE97-3565E9BD5068}.Debug|iPhoneSimulator.ActiveCfg = Debug|Any CPU
		{9F13C482-422B-49AB-AE97-3565E9BD5068}.Debug|iPhoneSimulator.Build.0 = Debug|Any CPU
		{9F13C482-422B-49AB-AE97-3565E9BD5068}.Debug|x64.ActiveCfg = Debug|Any CPU
		{9F13C482-422B-49AB-AE97-3565E9BD5068}.Debug|x64.Build.0 = Debug|Any CPU
		{9F13C482-422B-49AB-AE97-3565E9BD5068}.Debug|x86.ActiveCfg = Debug|Any CPU
		{9F13C482-422B-49AB-AE97-3565E9BD5068}.Debug|x86.Build.0 = Debug|Any CPU
		{9F13C482-422B-49AB-AE97-3565E9BD5068}.Release|Any CPU.ActiveCfg = Release|Any CPU
		{9F13C482-422B-49AB-AE97-3565E9BD5068}.Release|Any CPU.Build.0 = Release|Any CPU
		{9F13C482-422B-49AB-AE97-3565E9BD5068}.Release|ARM.ActiveCfg = Release|Any CPU
		{9F13C482-422B-49AB-AE97-3565E9BD5068}.Release|ARM.Build.0 = Release|Any CPU
		{9F13C482-422B-49AB-AE97-3565E9BD5068}.Release|iPhone.ActiveCfg = Release|Any CPU
		{9F13C482-422B-49AB-AE97-3565E9BD5068}.Release|iPhone.Build.0 = Release|Any CPU
		{9F13C482-422B-49AB-AE97-3565E9BD5068}.Release|iPhoneSimulator.ActiveCfg = Release|Any CPU
		{9F13C482-422B-49AB-AE97-3565E9BD5068}.Release|iPhoneSimulator.Build.0 = Release|Any CPU
		{9F13C482-422B-49AB-AE97-3565E9BD5068}.Release|x64.ActiveCfg = Release|Any CPU
		{9F13C482-422B-49AB-AE97-3565E9BD5068}.Release|x64.Build.0 = Release|Any CPU
		{9F13C482-422B-49AB-AE97-3565E9BD5068}.Release|x86.ActiveCfg = Release|Any CPU
		{9F13C482-422B-49AB-AE97-3565E9BD5068}.Release|x86.Build.0 = Release|Any CPU
		{33E165AB-40FD-4682-AFED-06AEEE82A767}.Ad-Hoc|Any CPU.ActiveCfg = Release|Any CPU
		{33E165AB-40FD-4682-AFED-06AEEE82A767}.Ad-Hoc|Any CPU.Build.0 = Release|Any CPU
		{33E165AB-40FD-4682-AFED-06AEEE82A767}.Ad-Hoc|Any CPU.Deploy.0 = Release|Any CPU
		{33E165AB-40FD-4682-AFED-06AEEE82A767}.Ad-Hoc|ARM.ActiveCfg = Release|Any CPU
		{33E165AB-40FD-4682-AFED-06AEEE82A767}.Ad-Hoc|ARM.Build.0 = Release|Any CPU
		{33E165AB-40FD-4682-AFED-06AEEE82A767}.Ad-Hoc|ARM.Deploy.0 = Release|Any CPU
		{33E165AB-40FD-4682-AFED-06AEEE82A767}.Ad-Hoc|iPhone.ActiveCfg = Release|Any CPU
		{33E165AB-40FD-4682-AFED-06AEEE82A767}.Ad-Hoc|iPhone.Build.0 = Release|Any CPU
		{33E165AB-40FD-4682-AFED-06AEEE82A767}.Ad-Hoc|iPhone.Deploy.0 = Release|Any CPU
		{33E165AB-40FD-4682-AFED-06AEEE82A767}.Ad-Hoc|iPhoneSimulator.ActiveCfg = Release|Any CPU
		{33E165AB-40FD-4682-AFED-06AEEE82A767}.Ad-Hoc|iPhoneSimulator.Build.0 = Release|Any CPU
		{33E165AB-40FD-4682-AFED-06AEEE82A767}.Ad-Hoc|iPhoneSimulator.Deploy.0 = Release|Any CPU
		{33E165AB-40FD-4682-AFED-06AEEE82A767}.Ad-Hoc|x64.ActiveCfg = Release|Any CPU
		{33E165AB-40FD-4682-AFED-06AEEE82A767}.Ad-Hoc|x64.Build.0 = Release|Any CPU
		{33E165AB-40FD-4682-AFED-06AEEE82A767}.Ad-Hoc|x64.Deploy.0 = Release|Any CPU
		{33E165AB-40FD-4682-AFED-06AEEE82A767}.Ad-Hoc|x86.ActiveCfg = Release|Any CPU
		{33E165AB-40FD-4682-AFED-06AEEE82A767}.Ad-Hoc|x86.Build.0 = Release|Any CPU
		{33E165AB-40FD-4682-AFED-06AEEE82A767}.Ad-Hoc|x86.Deploy.0 = Release|Any CPU
		{33E165AB-40FD-4682-AFED-06AEEE82A767}.AppStore|Any CPU.ActiveCfg = Release|Any CPU
		{33E165AB-40FD-4682-AFED-06AEEE82A767}.AppStore|Any CPU.Build.0 = Release|Any CPU
		{33E165AB-40FD-4682-AFED-06AEEE82A767}.AppStore|Any CPU.Deploy.0 = Release|Any CPU
		{33E165AB-40FD-4682-AFED-06AEEE82A767}.AppStore|ARM.ActiveCfg = Release|Any CPU
		{33E165AB-40FD-4682-AFED-06AEEE82A767}.AppStore|ARM.Build.0 = Release|Any CPU
		{33E165AB-40FD-4682-AFED-06AEEE82A767}.AppStore|ARM.Deploy.0 = Release|Any CPU
		{33E165AB-40FD-4682-AFED-06AEEE82A767}.AppStore|iPhone.ActiveCfg = Release|Any CPU
		{33E165AB-40FD-4682-AFED-06AEEE82A767}.AppStore|iPhone.Build.0 = Release|Any CPU
		{33E165AB-40FD-4682-AFED-06AEEE82A767}.AppStore|iPhone.Deploy.0 = Release|Any CPU
		{33E165AB-40FD-4682-AFED-06AEEE82A767}.AppStore|iPhoneSimulator.ActiveCfg = Release|Any CPU
		{33E165AB-40FD-4682-AFED-06AEEE82A767}.AppStore|iPhoneSimulator.Build.0 = Release|Any CPU
		{33E165AB-40FD-4682-AFED-06AEEE82A767}.AppStore|iPhoneSimulator.Deploy.0 = Release|Any CPU
		{33E165AB-40FD-4682-AFED-06AEEE82A767}.AppStore|x64.ActiveCfg = Release|Any CPU
		{33E165AB-40FD-4682-AFED-06AEEE82A767}.AppStore|x64.Build.0 = Release|Any CPU
		{33E165AB-40FD-4682-AFED-06AEEE82A767}.AppStore|x64.Deploy.0 = Release|Any CPU
		{33E165AB-40FD-4682-AFED-06AEEE82A767}.AppStore|x86.ActiveCfg = Release|Any CPU
		{33E165AB-40FD-4682-AFED-06AEEE82A767}.AppStore|x86.Build.0 = Release|Any CPU
		{33E165AB-40FD-4682-AFED-06AEEE82A767}.AppStore|x86.Deploy.0 = Release|Any CPU
		{33E165AB-40FD-4682-AFED-06AEEE82A767}.Debug|Any CPU.ActiveCfg = Debug|Any CPU
		{33E165AB-40FD-4682-AFED-06AEEE82A767}.Debug|Any CPU.Build.0 = Debug|Any CPU
		{33E165AB-40FD-4682-AFED-06AEEE82A767}.Debug|Any CPU.Deploy.0 = Debug|Any CPU
		{33E165AB-40FD-4682-AFED-06AEEE82A767}.Debug|ARM.ActiveCfg = Debug|Any CPU
		{33E165AB-40FD-4682-AFED-06AEEE82A767}.Debug|ARM.Build.0 = Debug|Any CPU
		{33E165AB-40FD-4682-AFED-06AEEE82A767}.Debug|ARM.Deploy.0 = Debug|Any CPU
		{33E165AB-40FD-4682-AFED-06AEEE82A767}.Debug|iPhone.ActiveCfg = Debug|Any CPU
		{33E165AB-40FD-4682-AFED-06AEEE82A767}.Debug|iPhone.Build.0 = Debug|Any CPU
		{33E165AB-40FD-4682-AFED-06AEEE82A767}.Debug|iPhone.Deploy.0 = Debug|Any CPU
		{33E165AB-40FD-4682-AFED-06AEEE82A767}.Debug|iPhoneSimulator.ActiveCfg = Debug|Any CPU
		{33E165AB-40FD-4682-AFED-06AEEE82A767}.Debug|iPhoneSimulator.Build.0 = Debug|Any CPU
		{33E165AB-40FD-4682-AFED-06AEEE82A767}.Debug|iPhoneSimulator.Deploy.0 = Debug|Any CPU
		{33E165AB-40FD-4682-AFED-06AEEE82A767}.Debug|x64.ActiveCfg = Debug|Any CPU
		{33E165AB-40FD-4682-AFED-06AEEE82A767}.Debug|x64.Build.0 = Debug|Any CPU
		{33E165AB-40FD-4682-AFED-06AEEE82A767}.Debug|x64.Deploy.0 = Debug|Any CPU
		{33E165AB-40FD-4682-AFED-06AEEE82A767}.Debug|x86.ActiveCfg = Debug|Any CPU
		{33E165AB-40FD-4682-AFED-06AEEE82A767}.Debug|x86.Build.0 = Debug|Any CPU
		{33E165AB-40FD-4682-AFED-06AEEE82A767}.Debug|x86.Deploy.0 = Debug|Any CPU
		{33E165AB-40FD-4682-AFED-06AEEE82A767}.Release|Any CPU.ActiveCfg = Release|Any CPU
		{33E165AB-40FD-4682-AFED-06AEEE82A767}.Release|Any CPU.Build.0 = Release|Any CPU
		{33E165AB-40FD-4682-AFED-06AEEE82A767}.Release|Any CPU.Deploy.0 = Release|Any CPU
		{33E165AB-40FD-4682-AFED-06AEEE82A767}.Release|ARM.ActiveCfg = Release|Any CPU
		{33E165AB-40FD-4682-AFED-06AEEE82A767}.Release|ARM.Build.0 = Release|Any CPU
		{33E165AB-40FD-4682-AFED-06AEEE82A767}.Release|ARM.Deploy.0 = Release|Any CPU
		{33E165AB-40FD-4682-AFED-06AEEE82A767}.Release|iPhone.ActiveCfg = Release|Any CPU
		{33E165AB-40FD-4682-AFED-06AEEE82A767}.Release|iPhone.Build.0 = Release|Any CPU
		{33E165AB-40FD-4682-AFED-06AEEE82A767}.Release|iPhone.Deploy.0 = Release|Any CPU
		{33E165AB-40FD-4682-AFED-06AEEE82A767}.Release|iPhoneSimulator.ActiveCfg = Release|Any CPU
		{33E165AB-40FD-4682-AFED-06AEEE82A767}.Release|iPhoneSimulator.Build.0 = Release|Any CPU
		{33E165AB-40FD-4682-AFED-06AEEE82A767}.Release|iPhoneSimulator.Deploy.0 = Release|Any CPU
		{33E165AB-40FD-4682-AFED-06AEEE82A767}.Release|x64.ActiveCfg = Release|Any CPU
		{33E165AB-40FD-4682-AFED-06AEEE82A767}.Release|x64.Build.0 = Release|Any CPU
		{33E165AB-40FD-4682-AFED-06AEEE82A767}.Release|x64.Deploy.0 = Release|Any CPU
		{33E165AB-40FD-4682-AFED-06AEEE82A767}.Release|x86.ActiveCfg = Release|Any CPU
		{33E165AB-40FD-4682-AFED-06AEEE82A767}.Release|x86.Build.0 = Release|Any CPU
		{33E165AB-40FD-4682-AFED-06AEEE82A767}.Release|x86.Deploy.0 = Release|Any CPU
		{9E6AAADB-6B43-45B9-A26B-C34AA1EA1490}.Ad-Hoc|Any CPU.ActiveCfg = Ad-Hoc|iPhone
		{9E6AAADB-6B43-45B9-A26B-C34AA1EA1490}.Ad-Hoc|ARM.ActiveCfg = Ad-Hoc|iPhone
		{9E6AAADB-6B43-45B9-A26B-C34AA1EA1490}.Ad-Hoc|iPhone.ActiveCfg = Ad-Hoc|iPhone
		{9E6AAADB-6B43-45B9-A26B-C34AA1EA1490}.Ad-Hoc|iPhone.Build.0 = Ad-Hoc|iPhone
		{9E6AAADB-6B43-45B9-A26B-C34AA1EA1490}.Ad-Hoc|iPhoneSimulator.ActiveCfg = Ad-Hoc|iPhoneSimulator
		{9E6AAADB-6B43-45B9-A26B-C34AA1EA1490}.Ad-Hoc|iPhoneSimulator.Build.0 = Ad-Hoc|iPhoneSimulator
		{9E6AAADB-6B43-45B9-A26B-C34AA1EA1490}.Ad-Hoc|x64.ActiveCfg = Ad-Hoc|iPhone
		{9E6AAADB-6B43-45B9-A26B-C34AA1EA1490}.Ad-Hoc|x86.ActiveCfg = Ad-Hoc|iPhone
		{9E6AAADB-6B43-45B9-A26B-C34AA1EA1490}.AppStore|Any CPU.ActiveCfg = AppStore|iPhone
		{9E6AAADB-6B43-45B9-A26B-C34AA1EA1490}.AppStore|ARM.ActiveCfg = AppStore|iPhone
		{9E6AAADB-6B43-45B9-A26B-C34AA1EA1490}.AppStore|iPhone.ActiveCfg = AppStore|iPhone
		{9E6AAADB-6B43-45B9-A26B-C34AA1EA1490}.AppStore|iPhone.Build.0 = AppStore|iPhone
		{9E6AAADB-6B43-45B9-A26B-C34AA1EA1490}.AppStore|iPhoneSimulator.ActiveCfg = AppStore|iPhoneSimulator
		{9E6AAADB-6B43-45B9-A26B-C34AA1EA1490}.AppStore|iPhoneSimulator.Build.0 = AppStore|iPhoneSimulator
		{9E6AAADB-6B43-45B9-A26B-C34AA1EA1490}.AppStore|x64.ActiveCfg = AppStore|iPhone
		{9E6AAADB-6B43-45B9-A26B-C34AA1EA1490}.AppStore|x86.ActiveCfg = AppStore|iPhone
		{9E6AAADB-6B43-45B9-A26B-C34AA1EA1490}.Debug|Any CPU.ActiveCfg = Debug|iPhone
		{9E6AAADB-6B43-45B9-A26B-C34AA1EA1490}.Debug|ARM.ActiveCfg = Debug|iPhone
		{9E6AAADB-6B43-45B9-A26B-C34AA1EA1490}.Debug|iPhone.ActiveCfg = Debug|iPhone
		{9E6AAADB-6B43-45B9-A26B-C34AA1EA1490}.Debug|iPhone.Build.0 = Debug|iPhone
		{9E6AAADB-6B43-45B9-A26B-C34AA1EA1490}.Debug|iPhoneSimulator.ActiveCfg = Debug|iPhoneSimulator
		{9E6AAADB-6B43-45B9-A26B-C34AA1EA1490}.Debug|iPhoneSimulator.Build.0 = Debug|iPhoneSimulator
		{9E6AAADB-6B43-45B9-A26B-C34AA1EA1490}.Debug|x64.ActiveCfg = Debug|iPhone
		{9E6AAADB-6B43-45B9-A26B-C34AA1EA1490}.Debug|x86.ActiveCfg = Debug|iPhone
		{9E6AAADB-6B43-45B9-A26B-C34AA1EA1490}.Release|Any CPU.ActiveCfg = Release|iPhone
		{9E6AAADB-6B43-45B9-A26B-C34AA1EA1490}.Release|ARM.ActiveCfg = Release|iPhone
		{9E6AAADB-6B43-45B9-A26B-C34AA1EA1490}.Release|iPhone.ActiveCfg = Release|iPhone
		{9E6AAADB-6B43-45B9-A26B-C34AA1EA1490}.Release|iPhone.Build.0 = Release|iPhone
		{9E6AAADB-6B43-45B9-A26B-C34AA1EA1490}.Release|iPhoneSimulator.ActiveCfg = Release|iPhoneSimulator
		{9E6AAADB-6B43-45B9-A26B-C34AA1EA1490}.Release|iPhoneSimulator.Build.0 = Release|iPhoneSimulator
		{9E6AAADB-6B43-45B9-A26B-C34AA1EA1490}.Release|x64.ActiveCfg = Release|iPhone
		{9E6AAADB-6B43-45B9-A26B-C34AA1EA1490}.Release|x86.ActiveCfg = Release|iPhone
		{278C8413-E093-4B57-B0E2-B1658E31E415}.Ad-Hoc|Any CPU.ActiveCfg = Release|Any CPU
		{278C8413-E093-4B57-B0E2-B1658E31E415}.Ad-Hoc|Any CPU.Build.0 = Release|Any CPU
		{278C8413-E093-4B57-B0E2-B1658E31E415}.Ad-Hoc|Any CPU.Deploy.0 = Release|Any CPU
		{278C8413-E093-4B57-B0E2-B1658E31E415}.Ad-Hoc|ARM.ActiveCfg = Release|ARM
		{278C8413-E093-4B57-B0E2-B1658E31E415}.Ad-Hoc|ARM.Build.0 = Release|ARM
		{278C8413-E093-4B57-B0E2-B1658E31E415}.Ad-Hoc|ARM.Deploy.0 = Release|ARM
		{278C8413-E093-4B57-B0E2-B1658E31E415}.Ad-Hoc|iPhone.ActiveCfg = Release|Any CPU
		{278C8413-E093-4B57-B0E2-B1658E31E415}.Ad-Hoc|iPhone.Build.0 = Release|Any CPU
		{278C8413-E093-4B57-B0E2-B1658E31E415}.Ad-Hoc|iPhone.Deploy.0 = Release|Any CPU
		{278C8413-E093-4B57-B0E2-B1658E31E415}.Ad-Hoc|iPhoneSimulator.ActiveCfg = Release|Any CPU
		{278C8413-E093-4B57-B0E2-B1658E31E415}.Ad-Hoc|iPhoneSimulator.Build.0 = Release|Any CPU
		{278C8413-E093-4B57-B0E2-B1658E31E415}.Ad-Hoc|iPhoneSimulator.Deploy.0 = Release|Any CPU
		{278C8413-E093-4B57-B0E2-B1658E31E415}.Ad-Hoc|x64.ActiveCfg = Release|Any CPU
		{278C8413-E093-4B57-B0E2-B1658E31E415}.Ad-Hoc|x64.Build.0 = Release|Any CPU
		{278C8413-E093-4B57-B0E2-B1658E31E415}.Ad-Hoc|x64.Deploy.0 = Release|Any CPU
		{278C8413-E093-4B57-B0E2-B1658E31E415}.Ad-Hoc|x86.ActiveCfg = Release|x86
		{278C8413-E093-4B57-B0E2-B1658E31E415}.Ad-Hoc|x86.Build.0 = Release|x86
		{278C8413-E093-4B57-B0E2-B1658E31E415}.Ad-Hoc|x86.Deploy.0 = Release|x86
		{278C8413-E093-4B57-B0E2-B1658E31E415}.AppStore|Any CPU.ActiveCfg = Release|Any CPU
		{278C8413-E093-4B57-B0E2-B1658E31E415}.AppStore|Any CPU.Build.0 = Release|Any CPU
		{278C8413-E093-4B57-B0E2-B1658E31E415}.AppStore|Any CPU.Deploy.0 = Release|Any CPU
		{278C8413-E093-4B57-B0E2-B1658E31E415}.AppStore|ARM.ActiveCfg = Release|ARM
		{278C8413-E093-4B57-B0E2-B1658E31E415}.AppStore|ARM.Build.0 = Release|ARM
		{278C8413-E093-4B57-B0E2-B1658E31E415}.AppStore|ARM.Deploy.0 = Release|ARM
		{278C8413-E093-4B57-B0E2-B1658E31E415}.AppStore|iPhone.ActiveCfg = Release|Any CPU
		{278C8413-E093-4B57-B0E2-B1658E31E415}.AppStore|iPhone.Build.0 = Release|Any CPU
		{278C8413-E093-4B57-B0E2-B1658E31E415}.AppStore|iPhone.Deploy.0 = Release|Any CPU
		{278C8413-E093-4B57-B0E2-B1658E31E415}.AppStore|iPhoneSimulator.ActiveCfg = Release|Any CPU
		{278C8413-E093-4B57-B0E2-B1658E31E415}.AppStore|iPhoneSimulator.Build.0 = Release|Any CPU
		{278C8413-E093-4B57-B0E2-B1658E31E415}.AppStore|iPhoneSimulator.Deploy.0 = Release|Any CPU
		{278C8413-E093-4B57-B0E2-B1658E31E415}.AppStore|x64.ActiveCfg = Release|Any CPU
		{278C8413-E093-4B57-B0E2-B1658E31E415}.AppStore|x64.Build.0 = Release|Any CPU
		{278C8413-E093-4B57-B0E2-B1658E31E415}.AppStore|x64.Deploy.0 = Release|Any CPU
		{278C8413-E093-4B57-B0E2-B1658E31E415}.AppStore|x86.ActiveCfg = Release|x86
		{278C8413-E093-4B57-B0E2-B1658E31E415}.AppStore|x86.Build.0 = Release|x86
		{278C8413-E093-4B57-B0E2-B1658E31E415}.AppStore|x86.Deploy.0 = Release|x86
		{278C8413-E093-4B57-B0E2-B1658E31E415}.Debug|Any CPU.ActiveCfg = Debug|Any CPU
		{278C8413-E093-4B57-B0E2-B1658E31E415}.Debug|Any CPU.Build.0 = Debug|Any CPU
		{278C8413-E093-4B57-B0E2-B1658E31E415}.Debug|Any CPU.Deploy.0 = Debug|Any CPU
		{278C8413-E093-4B57-B0E2-B1658E31E415}.Debug|ARM.ActiveCfg = Debug|ARM
		{278C8413-E093-4B57-B0E2-B1658E31E415}.Debug|ARM.Build.0 = Debug|ARM
		{278C8413-E093-4B57-B0E2-B1658E31E415}.Debug|ARM.Deploy.0 = Debug|ARM
		{278C8413-E093-4B57-B0E2-B1658E31E415}.Debug|iPhone.ActiveCfg = Debug|Any CPU
		{278C8413-E093-4B57-B0E2-B1658E31E415}.Debug|iPhone.Build.0 = Debug|Any CPU
		{278C8413-E093-4B57-B0E2-B1658E31E415}.Debug|iPhone.Deploy.0 = Debug|Any CPU
		{278C8413-E093-4B57-B0E2-B1658E31E415}.Debug|iPhoneSimulator.ActiveCfg = Debug|Any CPU
		{278C8413-E093-4B57-B0E2-B1658E31E415}.Debug|iPhoneSimulator.Build.0 = Debug|Any CPU
		{278C8413-E093-4B57-B0E2-B1658E31E415}.Debug|iPhoneSimulator.Deploy.0 = Debug|Any CPU
		{278C8413-E093-4B57-B0E2-B1658E31E415}.Debug|x64.ActiveCfg = Debug|Any CPU
		{278C8413-E093-4B57-B0E2-B1658E31E415}.Debug|x64.Build.0 = Debug|Any CPU
		{278C8413-E093-4B57-B0E2-B1658E31E415}.Debug|x64.Deploy.0 = Debug|Any CPU
		{278C8413-E093-4B57-B0E2-B1658E31E415}.Debug|x86.ActiveCfg = Debug|x86
		{278C8413-E093-4B57-B0E2-B1658E31E415}.Debug|x86.Build.0 = Debug|x86
		{278C8413-E093-4B57-B0E2-B1658E31E415}.Debug|x86.Deploy.0 = Debug|x86
		{278C8413-E093-4B57-B0E2-B1658E31E415}.Release|Any CPU.ActiveCfg = Release|Any CPU
		{278C8413-E093-4B57-B0E2-B1658E31E415}.Release|Any CPU.Build.0 = Release|Any CPU
		{278C8413-E093-4B57-B0E2-B1658E31E415}.Release|Any CPU.Deploy.0 = Release|Any CPU
		{278C8413-E093-4B57-B0E2-B1658E31E415}.Release|ARM.ActiveCfg = Release|ARM
		{278C8413-E093-4B57-B0E2-B1658E31E415}.Release|ARM.Build.0 = Release|ARM
		{278C8413-E093-4B57-B0E2-B1658E31E415}.Release|ARM.Deploy.0 = Release|ARM
		{278C8413-E093-4B57-B0E2-B1658E31E415}.Release|iPhone.ActiveCfg = Release|Any CPU
		{278C8413-E093-4B57-B0E2-B1658E31E415}.Release|iPhone.Build.0 = Release|Any CPU
		{278C8413-E093-4B57-B0E2-B1658E31E415}.Release|iPhone.Deploy.0 = Release|Any CPU
		{278C8413-E093-4B57-B0E2-B1658E31E415}.Release|iPhoneSimulator.ActiveCfg = Release|Any CPU
		{278C8413-E093-4B57-B0E2-B1658E31E415}.Release|iPhoneSimulator.Build.0 = Release|Any CPU
		{278C8413-E093-4B57-B0E2-B1658E31E415}.Release|iPhoneSimulator.Deploy.0 = Release|Any CPU
		{278C8413-E093-4B57-B0E2-B1658E31E415}.Release|x64.ActiveCfg = Release|Any CPU
		{278C8413-E093-4B57-B0E2-B1658E31E415}.Release|x64.Build.0 = Release|Any CPU
		{278C8413-E093-4B57-B0E2-B1658E31E415}.Release|x64.Deploy.0 = Release|Any CPU
		{278C8413-E093-4B57-B0E2-B1658E31E415}.Release|x86.ActiveCfg = Release|x86
		{278C8413-E093-4B57-B0E2-B1658E31E415}.Release|x86.Build.0 = Release|x86
		{278C8413-E093-4B57-B0E2-B1658E31E415}.Release|x86.Deploy.0 = Release|x86
		{205AAC7C-387A-473A-816D-BCE0211C6FCC}.Ad-Hoc|Any CPU.ActiveCfg = Release|x86
		{205AAC7C-387A-473A-816D-BCE0211C6FCC}.Ad-Hoc|Any CPU.Build.0 = Release|x86
		{205AAC7C-387A-473A-816D-BCE0211C6FCC}.Ad-Hoc|Any CPU.Deploy.0 = Release|x86
		{205AAC7C-387A-473A-816D-BCE0211C6FCC}.Ad-Hoc|ARM.ActiveCfg = Release|ARM
		{205AAC7C-387A-473A-816D-BCE0211C6FCC}.Ad-Hoc|ARM.Build.0 = Release|ARM
		{205AAC7C-387A-473A-816D-BCE0211C6FCC}.Ad-Hoc|ARM.Deploy.0 = Release|ARM
		{205AAC7C-387A-473A-816D-BCE0211C6FCC}.Ad-Hoc|iPhone.ActiveCfg = Release|x86
		{205AAC7C-387A-473A-816D-BCE0211C6FCC}.Ad-Hoc|iPhone.Build.0 = Release|x86
		{205AAC7C-387A-473A-816D-BCE0211C6FCC}.Ad-Hoc|iPhone.Deploy.0 = Release|x86
		{205AAC7C-387A-473A-816D-BCE0211C6FCC}.Ad-Hoc|iPhoneSimulator.ActiveCfg = Release|x86
		{205AAC7C-387A-473A-816D-BCE0211C6FCC}.Ad-Hoc|iPhoneSimulator.Build.0 = Release|x86
		{205AAC7C-387A-473A-816D-BCE0211C6FCC}.Ad-Hoc|iPhoneSimulator.Deploy.0 = Release|x86
		{205AAC7C-387A-473A-816D-BCE0211C6FCC}.Ad-Hoc|x64.ActiveCfg = Release|x64
		{205AAC7C-387A-473A-816D-BCE0211C6FCC}.Ad-Hoc|x64.Build.0 = Release|x64
		{205AAC7C-387A-473A-816D-BCE0211C6FCC}.Ad-Hoc|x64.Deploy.0 = Release|x64
		{205AAC7C-387A-473A-816D-BCE0211C6FCC}.Ad-Hoc|x86.ActiveCfg = Release|x86
		{205AAC7C-387A-473A-816D-BCE0211C6FCC}.Ad-Hoc|x86.Build.0 = Release|x86
		{205AAC7C-387A-473A-816D-BCE0211C6FCC}.Ad-Hoc|x86.Deploy.0 = Release|x86
		{205AAC7C-387A-473A-816D-BCE0211C6FCC}.AppStore|Any CPU.ActiveCfg = Release|x86
		{205AAC7C-387A-473A-816D-BCE0211C6FCC}.AppStore|Any CPU.Build.0 = Release|x86
		{205AAC7C-387A-473A-816D-BCE0211C6FCC}.AppStore|Any CPU.Deploy.0 = Release|x86
		{205AAC7C-387A-473A-816D-BCE0211C6FCC}.AppStore|ARM.ActiveCfg = Release|ARM
		{205AAC7C-387A-473A-816D-BCE0211C6FCC}.AppStore|ARM.Build.0 = Release|ARM
		{205AAC7C-387A-473A-816D-BCE0211C6FCC}.AppStore|ARM.Deploy.0 = Release|ARM
		{205AAC7C-387A-473A-816D-BCE0211C6FCC}.AppStore|iPhone.ActiveCfg = Release|x86
		{205AAC7C-387A-473A-816D-BCE0211C6FCC}.AppStore|iPhone.Build.0 = Release|x86
		{205AAC7C-387A-473A-816D-BCE0211C6FCC}.AppStore|iPhone.Deploy.0 = Release|x86
		{205AAC7C-387A-473A-816D-BCE0211C6FCC}.AppStore|iPhoneSimulator.ActiveCfg = Release|x86
		{205AAC7C-387A-473A-816D-BCE0211C6FCC}.AppStore|iPhoneSimulator.Build.0 = Release|x86
		{205AAC7C-387A-473A-816D-BCE0211C6FCC}.AppStore|iPhoneSimulator.Deploy.0 = Release|x86
		{205AAC7C-387A-473A-816D-BCE0211C6FCC}.AppStore|x64.ActiveCfg = Release|x64
		{205AAC7C-387A-473A-816D-BCE0211C6FCC}.AppStore|x64.Build.0 = Release|x64
		{205AAC7C-387A-473A-816D-BCE0211C6FCC}.AppStore|x64.Deploy.0 = Release|x64
		{205AAC7C-387A-473A-816D-BCE0211C6FCC}.AppStore|x86.ActiveCfg = Release|x86
		{205AAC7C-387A-473A-816D-BCE0211C6FCC}.AppStore|x86.Build.0 = Release|x86
		{205AAC7C-387A-473A-816D-BCE0211C6FCC}.AppStore|x86.Deploy.0 = Release|x86
		{205AAC7C-387A-473A-816D-BCE0211C6FCC}.Debug|Any CPU.ActiveCfg = Debug|x86
		{205AAC7C-387A-473A-816D-BCE0211C6FCC}.Debug|ARM.ActiveCfg = Debug|ARM
		{205AAC7C-387A-473A-816D-BCE0211C6FCC}.Debug|ARM.Build.0 = Debug|ARM
		{205AAC7C-387A-473A-816D-BCE0211C6FCC}.Debug|ARM.Deploy.0 = Debug|ARM
		{205AAC7C-387A-473A-816D-BCE0211C6FCC}.Debug|iPhone.ActiveCfg = Debug|x86
		{205AAC7C-387A-473A-816D-BCE0211C6FCC}.Debug|iPhoneSimulator.ActiveCfg = Debug|x86
		{205AAC7C-387A-473A-816D-BCE0211C6FCC}.Debug|x64.ActiveCfg = Debug|x64
		{205AAC7C-387A-473A-816D-BCE0211C6FCC}.Debug|x64.Build.0 = Debug|x64
		{205AAC7C-387A-473A-816D-BCE0211C6FCC}.Debug|x64.Deploy.0 = Debug|x64
		{205AAC7C-387A-473A-816D-BCE0211C6FCC}.Debug|x86.ActiveCfg = Debug|x86
		{205AAC7C-387A-473A-816D-BCE0211C6FCC}.Debug|x86.Build.0 = Debug|x86
		{205AAC7C-387A-473A-816D-BCE0211C6FCC}.Debug|x86.Deploy.0 = Debug|x86
		{205AAC7C-387A-473A-816D-BCE0211C6FCC}.Release|Any CPU.ActiveCfg = Release|x86
		{205AAC7C-387A-473A-816D-BCE0211C6FCC}.Release|ARM.ActiveCfg = Release|ARM
		{205AAC7C-387A-473A-816D-BCE0211C6FCC}.Release|ARM.Build.0 = Release|ARM
		{205AAC7C-387A-473A-816D-BCE0211C6FCC}.Release|ARM.Deploy.0 = Release|ARM
		{205AAC7C-387A-473A-816D-BCE0211C6FCC}.Release|iPhone.ActiveCfg = Release|x86
		{205AAC7C-387A-473A-816D-BCE0211C6FCC}.Release|iPhoneSimulator.ActiveCfg = Release|x86
		{205AAC7C-387A-473A-816D-BCE0211C6FCC}.Release|x64.ActiveCfg = Release|x64
		{205AAC7C-387A-473A-816D-BCE0211C6FCC}.Release|x64.Build.0 = Release|x64
		{205AAC7C-387A-473A-816D-BCE0211C6FCC}.Release|x64.Deploy.0 = Release|x64
		{205AAC7C-387A-473A-816D-BCE0211C6FCC}.Release|x86.ActiveCfg = Release|x86
		{205AAC7C-387A-473A-816D-BCE0211C6FCC}.Release|x86.Build.0 = Release|x86
		{205AAC7C-387A-473A-816D-BCE0211C6FCC}.Release|x86.Deploy.0 = Release|x86
		{A8507EDF-D5FD-4EFD-AD53-707F055A5A47}.Ad-Hoc|Any CPU.ActiveCfg = Release|Any CPU
		{A8507EDF-D5FD-4EFD-AD53-707F055A5A47}.Ad-Hoc|Any CPU.Build.0 = Release|Any CPU
		{A8507EDF-D5FD-4EFD-AD53-707F055A5A47}.Ad-Hoc|Any CPU.Deploy.0 = Release|Any CPU
		{A8507EDF-D5FD-4EFD-AD53-707F055A5A47}.Ad-Hoc|ARM.ActiveCfg = Release|ARM
		{A8507EDF-D5FD-4EFD-AD53-707F055A5A47}.Ad-Hoc|ARM.Build.0 = Release|ARM
		{A8507EDF-D5FD-4EFD-AD53-707F055A5A47}.Ad-Hoc|ARM.Deploy.0 = Release|ARM
		{A8507EDF-D5FD-4EFD-AD53-707F055A5A47}.Ad-Hoc|iPhone.ActiveCfg = Release|Any CPU
		{A8507EDF-D5FD-4EFD-AD53-707F055A5A47}.Ad-Hoc|iPhone.Build.0 = Release|Any CPU
		{A8507EDF-D5FD-4EFD-AD53-707F055A5A47}.Ad-Hoc|iPhone.Deploy.0 = Release|Any CPU
		{A8507EDF-D5FD-4EFD-AD53-707F055A5A47}.Ad-Hoc|iPhoneSimulator.ActiveCfg = Release|Any CPU
		{A8507EDF-D5FD-4EFD-AD53-707F055A5A47}.Ad-Hoc|iPhoneSimulator.Build.0 = Release|Any CPU
		{A8507EDF-D5FD-4EFD-AD53-707F055A5A47}.Ad-Hoc|iPhoneSimulator.Deploy.0 = Release|Any CPU
		{A8507EDF-D5FD-4EFD-AD53-707F055A5A47}.Ad-Hoc|x64.ActiveCfg = Release|x64
		{A8507EDF-D5FD-4EFD-AD53-707F055A5A47}.Ad-Hoc|x64.Build.0 = Release|x64
		{A8507EDF-D5FD-4EFD-AD53-707F055A5A47}.Ad-Hoc|x64.Deploy.0 = Release|x64
		{A8507EDF-D5FD-4EFD-AD53-707F055A5A47}.Ad-Hoc|x86.ActiveCfg = Release|x86
		{A8507EDF-D5FD-4EFD-AD53-707F055A5A47}.Ad-Hoc|x86.Build.0 = Release|x86
		{A8507EDF-D5FD-4EFD-AD53-707F055A5A47}.Ad-Hoc|x86.Deploy.0 = Release|x86
		{A8507EDF-D5FD-4EFD-AD53-707F055A5A47}.AppStore|Any CPU.ActiveCfg = Release|Any CPU
		{A8507EDF-D5FD-4EFD-AD53-707F055A5A47}.AppStore|Any CPU.Build.0 = Release|Any CPU
		{A8507EDF-D5FD-4EFD-AD53-707F055A5A47}.AppStore|Any CPU.Deploy.0 = Release|Any CPU
		{A8507EDF-D5FD-4EFD-AD53-707F055A5A47}.AppStore|ARM.ActiveCfg = Release|ARM
		{A8507EDF-D5FD-4EFD-AD53-707F055A5A47}.AppStore|ARM.Build.0 = Release|ARM
		{A8507EDF-D5FD-4EFD-AD53-707F055A5A47}.AppStore|ARM.Deploy.0 = Release|ARM
		{A8507EDF-D5FD-4EFD-AD53-707F055A5A47}.AppStore|iPhone.ActiveCfg = Release|Any CPU
		{A8507EDF-D5FD-4EFD-AD53-707F055A5A47}.AppStore|iPhone.Build.0 = Release|Any CPU
		{A8507EDF-D5FD-4EFD-AD53-707F055A5A47}.AppStore|iPhone.Deploy.0 = Release|Any CPU
		{A8507EDF-D5FD-4EFD-AD53-707F055A5A47}.AppStore|iPhoneSimulator.ActiveCfg = Release|Any CPU
		{A8507EDF-D5FD-4EFD-AD53-707F055A5A47}.AppStore|iPhoneSimulator.Build.0 = Release|Any CPU
		{A8507EDF-D5FD-4EFD-AD53-707F055A5A47}.AppStore|iPhoneSimulator.Deploy.0 = Release|Any CPU
		{A8507EDF-D5FD-4EFD-AD53-707F055A5A47}.AppStore|x64.ActiveCfg = Release|x64
		{A8507EDF-D5FD-4EFD-AD53-707F055A5A47}.AppStore|x64.Build.0 = Release|x64
		{A8507EDF-D5FD-4EFD-AD53-707F055A5A47}.AppStore|x64.Deploy.0 = Release|x64
		{A8507EDF-D5FD-4EFD-AD53-707F055A5A47}.AppStore|x86.ActiveCfg = Release|x86
		{A8507EDF-D5FD-4EFD-AD53-707F055A5A47}.AppStore|x86.Build.0 = Release|x86
		{A8507EDF-D5FD-4EFD-AD53-707F055A5A47}.AppStore|x86.Deploy.0 = Release|x86
		{A8507EDF-D5FD-4EFD-AD53-707F055A5A47}.Debug|Any CPU.ActiveCfg = Debug|Any CPU
		{A8507EDF-D5FD-4EFD-AD53-707F055A5A47}.Debug|Any CPU.Build.0 = Debug|Any CPU
		{A8507EDF-D5FD-4EFD-AD53-707F055A5A47}.Debug|Any CPU.Deploy.0 = Debug|Any CPU
		{A8507EDF-D5FD-4EFD-AD53-707F055A5A47}.Debug|ARM.ActiveCfg = Debug|ARM
		{A8507EDF-D5FD-4EFD-AD53-707F055A5A47}.Debug|ARM.Build.0 = Debug|ARM
		{A8507EDF-D5FD-4EFD-AD53-707F055A5A47}.Debug|ARM.Deploy.0 = Debug|ARM
		{A8507EDF-D5FD-4EFD-AD53-707F055A5A47}.Debug|iPhone.ActiveCfg = Debug|Any CPU
		{A8507EDF-D5FD-4EFD-AD53-707F055A5A47}.Debug|iPhone.Build.0 = Debug|Any CPU
		{A8507EDF-D5FD-4EFD-AD53-707F055A5A47}.Debug|iPhone.Deploy.0 = Debug|Any CPU
		{A8507EDF-D5FD-4EFD-AD53-707F055A5A47}.Debug|iPhoneSimulator.ActiveCfg = Debug|Any CPU
		{A8507EDF-D5FD-4EFD-AD53-707F055A5A47}.Debug|iPhoneSimulator.Build.0 = Debug|Any CPU
		{A8507EDF-D5FD-4EFD-AD53-707F055A5A47}.Debug|iPhoneSimulator.Deploy.0 = Debug|Any CPU
		{A8507EDF-D5FD-4EFD-AD53-707F055A5A47}.Debug|x64.ActiveCfg = Debug|x64
		{A8507EDF-D5FD-4EFD-AD53-707F055A5A47}.Debug|x64.Build.0 = Debug|x64
		{A8507EDF-D5FD-4EFD-AD53-707F055A5A47}.Debug|x64.Deploy.0 = Debug|x64
		{A8507EDF-D5FD-4EFD-AD53-707F055A5A47}.Debug|x86.ActiveCfg = Debug|x86
		{A8507EDF-D5FD-4EFD-AD53-707F055A5A47}.Debug|x86.Build.0 = Debug|x86
		{A8507EDF-D5FD-4EFD-AD53-707F055A5A47}.Debug|x86.Deploy.0 = Debug|x86
		{A8507EDF-D5FD-4EFD-AD53-707F055A5A47}.Release|Any CPU.ActiveCfg = Release|Any CPU
		{A8507EDF-D5FD-4EFD-AD53-707F055A5A47}.Release|Any CPU.Build.0 = Release|Any CPU
		{A8507EDF-D5FD-4EFD-AD53-707F055A5A47}.Release|Any CPU.Deploy.0 = Release|Any CPU
		{A8507EDF-D5FD-4EFD-AD53-707F055A5A47}.Release|ARM.ActiveCfg = Release|ARM
		{A8507EDF-D5FD-4EFD-AD53-707F055A5A47}.Release|ARM.Build.0 = Release|ARM
		{A8507EDF-D5FD-4EFD-AD53-707F055A5A47}.Release|ARM.Deploy.0 = Release|ARM
		{A8507EDF-D5FD-4EFD-AD53-707F055A5A47}.Release|iPhone.ActiveCfg = Release|Any CPU
		{A8507EDF-D5FD-4EFD-AD53-707F055A5A47}.Release|iPhone.Build.0 = Release|Any CPU
		{A8507EDF-D5FD-4EFD-AD53-707F055A5A47}.Release|iPhone.Deploy.0 = Release|Any CPU
		{A8507EDF-D5FD-4EFD-AD53-707F055A5A47}.Release|iPhoneSimulator.ActiveCfg = Release|Any CPU
		{A8507EDF-D5FD-4EFD-AD53-707F055A5A47}.Release|iPhoneSimulator.Build.0 = Release|Any CPU
		{A8507EDF-D5FD-4EFD-AD53-707F055A5A47}.Release|iPhoneSimulator.Deploy.0 = Release|Any CPU
		{A8507EDF-D5FD-4EFD-AD53-707F055A5A47}.Release|x64.ActiveCfg = Release|x64
		{A8507EDF-D5FD-4EFD-AD53-707F055A5A47}.Release|x64.Build.0 = Release|x64
		{A8507EDF-D5FD-4EFD-AD53-707F055A5A47}.Release|x64.Deploy.0 = Release|x64
		{A8507EDF-D5FD-4EFD-AD53-707F055A5A47}.Release|x86.ActiveCfg = Release|x86
		{A8507EDF-D5FD-4EFD-AD53-707F055A5A47}.Release|x86.Build.0 = Release|x86
		{A8507EDF-D5FD-4EFD-AD53-707F055A5A47}.Release|x86.Deploy.0 = Release|x86
	EndGlobalSection
	GlobalSection(SolutionProperties) = preSolution
		HideSolutionNode = FALSE
	EndGlobalSection
EndGlobal
